
Microsoft Visual Studio Solution File, Format Version 12.00
# Visual Studio 15
VisualStudioVersion = 15.0.28307.779
MinimumVisualStudioVersion = 10.0.40219.1
Project("{FAE04EC0-301F-11D3-BF4B-00C04F79EFBC}") = "EFMultiDataSouceUtil", "EFMultiDataSouceUtil\EFMultiDataSouceUtil.csproj", "{CFC0C11C-DAA8-42CC-B1C3-D028FA06352F}"
EndProject
Global
	GlobalSection(SolutionConfigurationPlatforms) = preSolution
		Debug|Any CPU = Debug|Any CPU
		Release|Any CPU = Release|Any CPU
	EndGlobalSection
	GlobalSection(ProjectConfigurationPlatforms) = postSolution
		{CFC0C11C-DAA8-42CC-B1C3-D028FA06352F}.Debug|Any CPU.ActiveCfg = Debug|Any CPU
		{CFC0C11C-DAA8-42CC-B1C3-D028FA06352F}.Debug|Any CPU.Build.0 = Debug|Any CPU
		{CFC0C11C-DAA8-42CC-B1C3-D028FA06352F}.Release|Any CPU.ActiveCfg = Release|Any CPU
		{CFC0C11C-DAA8-42CC-B1C3-D028FA06352F}.Release|Any CPU.Build.0 = Release|Any CPU
	EndGlobalSection
	GlobalSection(SolutionProperties) = preSolution
		HideSolutionNode = FALSE
	EndGlobalSection
	GlobalSection(ExtensibilityGlobals) = postSolution
		SolutionGuid = {56B46059-0841-4FBF-BD94-E4E3A8A7344D}
	EndGlobalSection
EndGlobal
